{
  "version": 4,
  "terraform_version": "0.14.3",
  "serial": 138,
  "lineage": "ea60370f-d4c7-ddb0-1b51-d75443d82f4c",
  "outputs": {
    "iam_role_replication_arn": {
      "value": "arn:aws:iam::995351360350:role/terraform-replication-role",
      "type": "string"
    },
    "kms_key_arn_ct": {
      "value": "arn:aws:kms:us-west-2:995351360350:key/17df6c14-a6fa-4bb6-a08a-2fbd6ade06a3",
      "type": "string"
    },
    "kms_key_arn_tf": {
      "value": "arn:aws:kms:us-west-2:995351360350:key/78c7c45e-fce7-43e9-b105-0ab1d5255123",
      "type": "string"
    },
    "s3_cloudtrail_bucket_policy_id": {
      "value": "useds3b002",
      "type": "string"
    },
    "s3_cloudtrail_id": {
      "value": "useds3b002",
      "type": "string"
    },
    "s3_tf_state_replication_arn": {
      "value": "arn:aws:s3:::useds3b001",
      "type": "string"
    }
  },
  "resources": [
    {
      "module": "module.cloudtrail",
      "mode": "managed",
      "type": "aws_cloudtrail",
      "name": "master_cloudtrail",
      "provider": "provider[\"registry.terraform.io/hashicorp/aws\"]",
      "instances": [
        {
          "schema_version": 0,
          "attributes": {
            "arn": "arn:aws:cloudtrail:us-west-2:995351360350:trail/master-trail",
            "cloud_watch_logs_group_arn": "",
            "cloud_watch_logs_role_arn": "",
            "enable_log_file_validation": true,
            "enable_logging": true,
            "event_selector": [
              {
                "data_resource": [
                  {
                    "type": "AWS::S3::Object",
                    "values": [
                      "arn:aws:s3:::"
                    ]
                  }
                ],
                "include_management_events": true,
                "read_write_type": "All"
              }
            ],
            "home_region": "us-west-2",
            "id": "master-trail",
            "include_global_service_events": true,
            "insight_selector": [],
            "is_multi_region_trail": true,
            "is_organization_trail": true,
            "kms_key_id": "arn:aws:kms:us-west-2:995351360350:key/17df6c14-a6fa-4bb6-a08a-2fbd6ade06a3",
            "name": "master-trail",
            "s3_bucket_name": "useds3b002",
            "s3_key_prefix": "cloudtrail",
            "sns_topic_name": "",
            "tags": {
              "contact": "oliverjamesfletcher@protonmail.com",
              "department": "engineering",
              "environment": "development",
              "name": "master-trail"
            }
          },
          "sensitive_attributes": [],
          "private": "bnVsbA==",
          "dependencies": [
            "module.kms.aws_kms_key.s3_key_ct",
            "module.kms.data.aws_caller_identity.current",
            "module.s3_cloudtrail.aws_s3_bucket.cloudtrail",
            "module.s3_cloudtrail.aws_s3_bucket_policy.cloudtrail"
          ]
        }
      ]
    },
    {
      "module": "module.dynamodb_table",
      "mode": "managed",
      "type": "aws_dynamodb_table",
      "name": "terraform_state_lock",
      "provider": "provider[\"registry.terraform.io/hashicorp/aws\"]",
      "instances": [
        {
          "schema_version": 1,
          "attributes": {
            "arn": "arn:aws:dynamodb:us-west-2:995351360350:table/terraform-state",
            "attribute": [
              {
                "name": "LockID",
                "type": "S"
              }
            ],
            "billing_mode": "PROVISIONED",
            "global_secondary_index": [],
            "hash_key": "LockID",
            "id": "terraform-state",
            "local_secondary_index": [],
            "name": "terraform-state",
            "point_in_time_recovery": [
              {
                "enabled": false
              }
            ],
            "range_key": null,
            "read_capacity": 1,
            "replica": [],
            "server_side_encryption": [],
            "stream_arn": "",
            "stream_enabled": false,
            "stream_label": "",
            "stream_view_type": "",
            "tags": null,
            "timeouts": null,
            "ttl": [
              {
                "attribute_name": "",
                "enabled": false
              }
            ],
            "write_capacity": 1
          },
          "sensitive_attributes": [],
          "private": "eyJlMmJmYjczMC1lY2FhLTExZTYtOGY4OC0zNDM2M2JjN2M0YzAiOnsiY3JlYXRlIjo2MDAwMDAwMDAwMDAsImRlbGV0ZSI6NjAwMDAwMDAwMDAwLCJ1cGRhdGUiOjM2MDAwMDAwMDAwMDB9LCJzY2hlbWFfdmVyc2lvbiI6IjEifQ=="
        }
      ]
    },
    {
      "module": "module.iam",
      "mode": "managed",
      "type": "aws_iam_policy",
      "name": "replication",
      "provider": "provider[\"registry.terraform.io/hashicorp/aws\"]",
      "instances": [
        {
          "schema_version": 0,
          "attributes": {
            "arn": "arn:aws:iam::995351360350:policy/terraform-replication-policy",
            "description": "",
            "id": "arn:aws:iam::995351360350:policy/terraform-replication-policy",
            "name": "terraform-replication-policy",
            "name_prefix": null,
            "path": "/",
            "policy": "{\r\n  \"Version\": \"2012-10-17\",\r\n  \"Statement\": [\r\n    {\r\n      \"Action\": [\r\n        \"s3:GetReplicationConfiguration\",\r\n        \"s3:ListBucket\"\r\n      ],\r\n      \"Effect\": \"Allow\",\r\n      \"Resource\": [\r\n        \"arn:aws:s3:::useds3b000\"\r\n      ]\r\n    },\r\n    {\r\n      \"Action\": [\r\n        \"s3:GetObjectVersion\",\r\n        \"s3:GetObjectVersionAcl\"\r\n      ],\r\n      \"Effect\": \"Allow\",\r\n      \"Resource\": [\r\n        \"arn:aws:s3:::useds3b000\"\r\n      ]\r\n    },\r\n    {\r\n      \"Action\": [\r\n        \"s3:ReplicateObject\",\r\n        \"s3:ReplicateDelete\"\r\n      ],\r\n      \"Effect\": \"Allow\",\r\n      \"Resource\": \"arn:aws:s3:::useds3b000\"\r\n    }\r\n  ]\r\n}\r\n"
          },
          "sensitive_attributes": [],
          "private": "bnVsbA=="
        }
      ]
    },
    {
      "module": "module.iam",
      "mode": "managed",
      "type": "aws_iam_role",
      "name": "replication",
      "provider": "provider[\"registry.terraform.io/hashicorp/aws\"]",
      "instances": [
        {
          "schema_version": 0,
          "attributes": {
            "arn": "arn:aws:iam::995351360350:role/terraform-replication-role",
            "assume_role_policy": "{\"Version\":\"2012-10-17\",\"Statement\":[{\"Sid\":\"\",\"Effect\":\"Allow\",\"Principal\":{\"Service\":\"s3.amazonaws.com\"},\"Action\":\"sts:AssumeRole\"}]}",
            "create_date": "2021-01-04T02:55:40Z",
            "description": "",
            "force_detach_policies": false,
            "id": "terraform-replication-role",
            "max_session_duration": 3600,
            "name": "terraform-replication-role",
            "name_prefix": null,
            "path": "/",
            "permissions_boundary": null,
            "tags": null,
            "unique_id": "AROA6PP4QONPJUHXVAZH3"
          },
          "sensitive_attributes": [],
          "private": "bnVsbA=="
        }
      ]
    },
    {
      "module": "module.iam",
      "mode": "managed",
      "type": "aws_iam_role_policy_attachment",
      "name": "replication",
      "provider": "provider[\"registry.terraform.io/hashicorp/aws\"]",
      "instances": [
        {
          "schema_version": 0,
          "attributes": {
            "id": "terraform-replication-role-20210104025543670700000001",
            "policy_arn": "arn:aws:iam::995351360350:policy/terraform-replication-policy",
            "role": "terraform-replication-role"
          },
          "sensitive_attributes": [],
          "private": "bnVsbA==",
          "dependencies": [
            "module.iam.aws_iam_policy.replication",
            "module.iam.aws_iam_role.replication"
          ]
        }
      ]
    },
    {
      "module": "module.kms",
      "mode": "data",
      "type": "aws_caller_identity",
      "name": "current",
      "provider": "provider[\"registry.terraform.io/hashicorp/aws\"]",
      "instances": [
        {
          "schema_version": 0,
          "attributes": {
            "account_id": "995351360350",
            "arn": "arn:aws:iam::995351360350:user/terraform",
            "id": "995351360350",
            "user_id": "AIDA6PP4QONPFS7GAC4KX"
          },
          "sensitive_attributes": []
        }
      ]
    },
    {
      "module": "module.kms",
      "mode": "managed",
      "type": "aws_kms_key",
      "name": "s3_key_ct",
      "provider": "provider[\"registry.terraform.io/hashicorp/aws\"]",
      "instances": [
        {
          "schema_version": 0,
          "attributes": {
            "arn": "arn:aws:kms:us-west-2:995351360350:key/17df6c14-a6fa-4bb6-a08a-2fbd6ade06a3",
            "customer_master_key_spec": "SYMMETRIC_DEFAULT",
            "deletion_window_in_days": 14,
            "description": "terraform state cloudtrail kms key",
            "enable_key_rotation": true,
            "id": "17df6c14-a6fa-4bb6-a08a-2fbd6ade06a3",
            "is_enabled": true,
            "key_id": "17df6c14-a6fa-4bb6-a08a-2fbd6ade06a3",
            "key_usage": "ENCRYPT_DECRYPT",
            "policy": "{\"Id\":\"Key policy created by CloudTrail\",\"Statement\":[{\"Action\":\"kms:*\",\"Effect\":\"Allow\",\"Principal\":{\"AWS\":[\"arn:aws:iam::995351360350:user/terraform\",\"arn:aws:iam::995351360350:root\"]},\"Resource\":\"*\",\"Sid\":\"Enable IAM User Permissions\"},{\"Action\":\"kms:GenerateDataKey*\",\"Condition\":{\"StringLike\":{\"kms:EncryptionContext:aws:cloudtrail:arn\":\"arn:aws:cloudtrail:*:995351360350:trail/*\"}},\"Effect\":\"Allow\",\"Principal\":{\"Service\":\"cloudtrail.amazonaws.com\"},\"Resource\":\"*\",\"Sid\":\"Allow CloudTrail to encrypt logs\"},{\"Action\":\"kms:DescribeKey\",\"Effect\":\"Allow\",\"Principal\":{\"Service\":\"cloudtrail.amazonaws.com\"},\"Resource\":\"*\",\"Sid\":\"Allow CloudTrail to describe key\"},{\"Action\":[\"kms:Decrypt\",\"kms:ReEncryptFrom\"],\"Condition\":{\"StringEquals\":{\"kms:CallerAccount\":\"995351360350\"},\"StringLike\":{\"kms:EncryptionContext:aws:cloudtrail:arn\":\"arn:aws:cloudtrail:*:995351360350:trail/*\"}},\"Effect\":\"Allow\",\"Principal\":{\"AWS\":\"*\"},\"Resource\":\"*\",\"Sid\":\"Allow principals in the account to decrypt log files\"},{\"Action\":\"kms:CreateAlias\",\"Condition\":{\"StringEquals\":{\"kms:CallerAccount\":\"995351360350\",\"kms:ViaService\":\"ec2.us-west-2.amazonaws.com\"}},\"Effect\":\"Allow\",\"Principal\":{\"AWS\":\"*\"},\"Resource\":\"*\",\"Sid\":\"Allow alias creation during setup\"},{\"Action\":[\"kms:Decrypt\",\"kms:ReEncryptFrom\"],\"Condition\":{\"StringEquals\":{\"kms:CallerAccount\":\"995351360350\"},\"StringLike\":{\"kms:EncryptionContext:aws:cloudtrail:arn\":\"arn:aws:cloudtrail:*:995351360350:trail/*\"}},\"Effect\":\"Allow\",\"Principal\":{\"AWS\":\"*\"},\"Resource\":\"*\",\"Sid\":\"Enable cross account log decryption\"}],\"Version\":\"2012-10-17\"}",
            "tags": {
              "contact": "oliverjamesfletcher@protonmail.com",
              "department": "engineering",
              "environment": "development"
            }
          },
          "sensitive_attributes": [],
          "private": "bnVsbA==",
          "dependencies": [
            "module.kms.data.aws_caller_identity.current"
          ]
        }
      ]
    },
    {
      "module": "module.kms",
      "mode": "managed",
      "type": "aws_kms_key",
      "name": "s3_key_tf",
      "provider": "provider[\"registry.terraform.io/hashicorp/aws\"]",
      "instances": [
        {
          "schema_version": 0,
          "attributes": {
            "arn": "arn:aws:kms:us-west-2:995351360350:key/78c7c45e-fce7-43e9-b105-0ab1d5255123",
            "customer_master_key_spec": "SYMMETRIC_DEFAULT",
            "deletion_window_in_days": 14,
            "description": "terraform state s3 bucket kms key",
            "enable_key_rotation": true,
            "id": "78c7c45e-fce7-43e9-b105-0ab1d5255123",
            "is_enabled": true,
            "key_id": "78c7c45e-fce7-43e9-b105-0ab1d5255123",
            "key_usage": "ENCRYPT_DECRYPT",
            "policy": "{\"Id\":\"key-default-1\",\"Statement\":[{\"Action\":\"kms:*\",\"Effect\":\"Allow\",\"Principal\":{\"AWS\":\"arn:aws:iam::995351360350:root\"},\"Resource\":\"*\",\"Sid\":\"Enable IAM User Permissions\"}],\"Version\":\"2012-10-17\"}",
            "tags": {
              "contact": "oliverjamesfletcher@protonmail.com",
              "department": "engineering",
              "environment": "development"
            }
          },
          "sensitive_attributes": [],
          "private": "bnVsbA=="
        }
      ]
    },
    {
      "module": "module.s3_cloudtrail",
      "mode": "managed",
      "type": "aws_s3_bucket",
      "name": "cloudtrail",
      "provider": "provider[\"registry.terraform.io/hashicorp/aws\"]",
      "instances": [
        {
          "schema_version": 0,
          "attributes": {
            "acceleration_status": "",
            "acl": "private",
            "arn": "arn:aws:s3:::useds3b002",
            "bucket": "useds3b002",
            "bucket_domain_name": "useds3b002.s3.amazonaws.com",
            "bucket_prefix": null,
            "bucket_regional_domain_name": "useds3b002.s3.us-west-2.amazonaws.com",
            "cors_rule": [],
            "force_destroy": false,
            "grant": [],
            "hosted_zone_id": "Z3BJ6K6RIION7M",
            "id": "useds3b002",
            "lifecycle_rule": [],
            "logging": [],
            "object_lock_configuration": [],
            "policy": null,
            "region": "us-west-2",
            "replication_configuration": [],
            "request_payer": "BucketOwner",
            "server_side_encryption_configuration": [
              {
                "rule": [
                  {
                    "apply_server_side_encryption_by_default": [
                      {
                        "kms_master_key_id": "arn:aws:kms:us-west-2:995351360350:key/17df6c14-a6fa-4bb6-a08a-2fbd6ade06a3",
                        "sse_algorithm": "aws:kms"
                      }
                    ]
                  }
                ]
              }
            ],
            "tags": {
              "contact": "oliverjamesfletcher@protonmail.com",
              "department": "engineering",
              "environment": "development",
              "name": "useds3b002"
            },
            "versioning": [
              {
                "enabled": true,
                "mfa_delete": false
              }
            ],
            "website": [],
            "website_domain": null,
            "website_endpoint": null
          },
          "sensitive_attributes": [],
          "private": "bnVsbA==",
          "dependencies": [
            "module.kms.aws_kms_key.s3_key_ct",
            "module.kms.data.aws_caller_identity.current"
          ]
        }
      ]
    },
    {
      "module": "module.s3_cloudtrail",
      "mode": "managed",
      "type": "aws_s3_bucket_policy",
      "name": "cloudtrail",
      "provider": "provider[\"registry.terraform.io/hashicorp/aws\"]",
      "instances": [
        {
          "schema_version": 0,
          "attributes": {
            "bucket": "useds3b002",
            "id": "useds3b002",
            "policy": "{\r\n    \"Version\": \"2012-10-17\",\r\n    \"Statement\": [\r\n        {\r\n            \"Sid\": \"AWSCloudTrailAclCheck20150319\",\r\n            \"Effect\": \"Allow\",\r\n            \"Principal\": {\r\n                \"Service\": \"cloudtrail.amazonaws.com\"\r\n            },\r\n            \"Action\": \"s3:GetBucketAcl\",\r\n            \"Resource\": \"arn:aws:s3:::useds3b002\"\r\n        },\r\n        {\r\n            \"Sid\": \"AWSCloudTrailWrite20150319\",\r\n            \"Effect\": \"Allow\",\r\n            \"Principal\": {\r\n                \"Service\": \"cloudtrail.amazonaws.com\"\r\n            },\r\n            \"Action\": \"s3:PutObject\",\r\n            \"Resource\": \"arn:aws:s3:::useds3b002/AWSLogs/995351360350/*\",\r\n            \"Condition\": {\r\n                \"StringEquals\": {\r\n                    \"s3:x-amz-acl\": \"bucket-owner-full-control\"\r\n                }\r\n            }\r\n        },\r\n        {\r\n            \"Sid\": \"AWSCloudTrailWrite20150319\",\r\n            \"Effect\": \"Allow\",\r\n            \"Principal\": {\r\n                \"Service\": \"cloudtrail.amazonaws.com\"\r\n            },\r\n            \"Action\": \"s3:PutObject\",\r\n            \"Resource\": \"arn:aws:s3:::useds3b002/cloudtrail/AWSLogs/*\",\r\n            \"Condition\": {\r\n                \"StringEquals\": {\r\n                    \"s3:x-amz-acl\": \"bucket-owner-full-control\"\r\n                }\r\n            }\r\n        }\r\n    ]\r\n}\r\n"
          },
          "sensitive_attributes": [],
          "private": "bnVsbA==",
          "dependencies": [
            "module.kms.aws_kms_key.s3_key_ct",
            "module.kms.data.aws_caller_identity.current",
            "module.s3_cloudtrail.aws_s3_bucket.cloudtrail"
          ]
        }
      ]
    },
    {
      "module": "module.s3_tfstate",
      "mode": "managed",
      "type": "aws_s3_bucket",
      "name": "terraform_state_primary",
      "provider": "provider[\"registry.terraform.io/hashicorp/aws\"]",
      "instances": [
        {
          "schema_version": 0,
          "attributes": {
            "acceleration_status": "",
            "acl": "private",
            "arn": "arn:aws:s3:::useds3b000",
            "bucket": "useds3b000",
            "bucket_domain_name": "useds3b000.s3.amazonaws.com",
            "bucket_prefix": null,
            "bucket_regional_domain_name": "useds3b000.s3.us-west-2.amazonaws.com",
            "cors_rule": [],
            "force_destroy": false,
            "grant": [],
            "hosted_zone_id": "Z3BJ6K6RIION7M",
            "id": "useds3b000",
            "lifecycle_rule": [],
            "logging": [],
            "object_lock_configuration": [],
            "policy": null,
            "region": "us-west-2",
            "replication_configuration": [
              {
                "role": "arn:aws:iam::995351360350:role/terraform-replication-role",
                "rules": [
                  {
                    "destination": [
                      {
                        "access_control_translation": [],
                        "account_id": "",
                        "bucket": "arn:aws:s3:::useds3b001",
                        "replica_kms_key_id": "",
                        "storage_class": "STANDARD"
                      }
                    ],
                    "filter": [],
                    "id": "terraform",
                    "prefix": "dev",
                    "priority": null,
                    "source_selection_criteria": [],
                    "status": "Enabled"
                  }
                ]
              }
            ],
            "request_payer": "BucketOwner",
            "server_side_encryption_configuration": [
              {
                "rule": [
                  {
                    "apply_server_side_encryption_by_default": [
                      {
                        "kms_master_key_id": "arn:aws:kms:us-west-2:995351360350:key/78c7c45e-fce7-43e9-b105-0ab1d5255123",
                        "sse_algorithm": "aws:kms"
                      }
                    ]
                  }
                ]
              }
            ],
            "tags": {
              "contact": "oliverjamesfletcher@protonmail.com",
              "department": "engineering",
              "environment": "development",
              "name": "useds3b000"
            },
            "versioning": [
              {
                "enabled": true,
                "mfa_delete": false
              }
            ],
            "website": [],
            "website_domain": null,
            "website_endpoint": null
          },
          "sensitive_attributes": [],
          "private": "bnVsbA==",
          "dependencies": [
            "module.iam.aws_iam_role.replication",
            "module.kms.aws_kms_key.s3_key_tf",
            "module.s3_tfstate_replication.aws_s3_bucket.tf_state_replication"
          ]
        }
      ]
    },
    {
      "module": "module.s3_tfstate_replication",
      "mode": "managed",
      "type": "aws_s3_bucket",
      "name": "tf_state_replication",
      "provider": "provider[\"registry.terraform.io/hashicorp/aws\"].west2",
      "instances": [
        {
          "schema_version": 0,
          "attributes": {
            "acceleration_status": "",
            "acl": "private",
            "arn": "arn:aws:s3:::useds3b001",
            "bucket": "useds3b001",
            "bucket_domain_name": "useds3b001.s3.amazonaws.com",
            "bucket_prefix": null,
            "bucket_regional_domain_name": "useds3b001.s3.us-west-1.amazonaws.com",
            "cors_rule": [],
            "force_destroy": false,
            "grant": [],
            "hosted_zone_id": "Z2F56UZL2M1ACD",
            "id": "useds3b001",
            "lifecycle_rule": [],
            "logging": [],
            "object_lock_configuration": [],
            "policy": null,
            "region": "us-west-1",
            "replication_configuration": [],
            "request_payer": "BucketOwner",
            "server_side_encryption_configuration": [
              {
                "rule": [
                  {
                    "apply_server_side_encryption_by_default": [
                      {
                        "kms_master_key_id": "arn:aws:kms:us-west-2:995351360350:key/78c7c45e-fce7-43e9-b105-0ab1d5255123",
                        "sse_algorithm": "aws:kms"
                      }
                    ]
                  }
                ]
              }
            ],
            "tags": {
              "contact": "oliverjamesfletcher@protonmail.com",
              "department": "engineering",
              "environment": "development",
              "name": "useds3b001"
            },
            "versioning": [
              {
                "enabled": true,
                "mfa_delete": false
              }
            ],
            "website": [],
            "website_domain": null,
            "website_endpoint": null
          },
          "sensitive_attributes": [],
          "private": "bnVsbA==",
          "dependencies": [
            "module.kms.aws_kms_key.s3_key_tf"
          ]
        }
      ]
    }
  ]
}
